// !$*UTF8*$!
{
	archiveVersion = 1;
	classes = {
	};
	objectVersion = 55;
	objects = {

/* Begin PBXBuildFile section */
		06DE95DB290C1F64007C5EC7 /* RestaurantTableViewCell.swift in Sources */ = {isa = PBXBuildFile; fileRef = 06DE95DA290C1F64007C5EC7 /* RestaurantTableViewCell.swift */; };
		06DE95DD290EC432007C5EC7 /* Restaurant.swift in Sources */ = {isa = PBXBuildFile; fileRef = 06DE95DC290EC432007C5EC7 /* Restaurant.swift */; };
		06DE95E329100573007C5EC7 /* RestaurantDetailTwoColumnCell.swift in Sources */ = {isa = PBXBuildFile; fileRef = 06DE95E229100573007C5EC7 /* RestaurantDetailTwoColumnCell.swift */; };
		3803D159290BE23800D9672A /* AppDelegate.swift in Sources */ = {isa = PBXBuildFile; fileRef = 3803D158290BE23800D9672A /* AppDelegate.swift */; };
		3803D15B290BE23800D9672A /* SceneDelegate.swift in Sources */ = {isa = PBXBuildFile; fileRef = 3803D15A290BE23800D9672A /* SceneDelegate.swift */; };
		3803D160290BE23800D9672A /* Main.storyboard in Resources */ = {isa = PBXBuildFile; fileRef = 3803D15E290BE23800D9672A /* Main.storyboard */; };
		3803D162290BE23900D9672A /* Assets.xcassets in Resources */ = {isa = PBXBuildFile; fileRef = 3803D161290BE23900D9672A /* Assets.xcassets */; };
		3803D165290BE23900D9672A /* LaunchScreen.storyboard in Resources */ = {isa = PBXBuildFile; fileRef = 3803D163290BE23900D9672A /* LaunchScreen.storyboard */; };
		3803D16D290BE3A100D9672A /* RestaurantTableViewController.swift in Sources */ = {isa = PBXBuildFile; fileRef = 3803D16C290BE3A100D9672A /* RestaurantTableViewController.swift */; };
		3803D16F290F8E3E00D9672A /* RestaurantDiffableDataSource.swift in Sources */ = {isa = PBXBuildFile; fileRef = 3803D16E290F8E3E00D9672A /* RestaurantDiffableDataSource.swift */; };
		3803D171290FB74F00D9672A /* RestaurantDetailViewController.swift in Sources */ = {isa = PBXBuildFile; fileRef = 3803D170290FB74F00D9672A /* RestaurantDetailViewController.swift */; };
		3803D175290FCCE400D9672A /* Nunito-Regular.ttf in Resources */ = {isa = PBXBuildFile; fileRef = 3803D174290FCCE400D9672A /* Nunito-Regular.ttf */; };
		3803D177290FCD0100D9672A /* Nunito-Bold.ttf in Resources */ = {isa = PBXBuildFile; fileRef = 3803D176290FCD0100D9672A /* Nunito-Bold.ttf */; };
		3803D179290FD43C00D9672A /* RestaurantDetailHeaderView.swift in Sources */ = {isa = PBXBuildFile; fileRef = 3803D178290FD43C00D9672A /* RestaurantDetailHeaderView.swift */; };
		3803D17B290FDC4900D9672A /* RestaurantDetailTextCell.swift in Sources */ = {isa = PBXBuildFile; fileRef = 3803D17A290FDC4900D9672A /* RestaurantDetailTextCell.swift */; };
/* End PBXBuildFile section */

/* Begin PBXFileReference section */
		06DE95DA290C1F64007C5EC7 /* RestaurantTableViewCell.swift */ = {isa = PBXFileReference; lastKnownFileType = sourcecode.swift; path = RestaurantTableViewCell.swift; sourceTree = "<group>"; };
		06DE95DC290EC432007C5EC7 /* Restaurant.swift */ = {isa = PBXFileReference; lastKnownFileType = sourcecode.swift; path = Restaurant.swift; sourceTree = "<group>"; };
		06DE95E229100573007C5EC7 /* RestaurantDetailTwoColumnCell.swift */ = {isa = PBXFileReference; lastKnownFileType = sourcecode.swift; path = RestaurantDetailTwoColumnCell.swift; sourceTree = "<group>"; };
		3803D155290BE23800D9672A /* FoodPin.app */ = {isa = PBXFileReference; explicitFileType = wrapper.application; includeInIndex = 0; path = FoodPin.app; sourceTree = BUILT_PRODUCTS_DIR; };
		3803D158290BE23800D9672A /* AppDelegate.swift */ = {isa = PBXFileReference; lastKnownFileType = sourcecode.swift; path = AppDelegate.swift; sourceTree = "<group>"; };
		3803D15A290BE23800D9672A /* SceneDelegate.swift */ = {isa = PBXFileReference; lastKnownFileType = sourcecode.swift; path = SceneDelegate.swift; sourceTree = "<group>"; };
		3803D15F290BE23800D9672A /* Base */ = {isa = PBXFileReference; lastKnownFileType = file.storyboard; name = Base; path = Base.lproj/Main.storyboard; sourceTree = "<group>"; };
		3803D161290BE23900D9672A /* Assets.xcassets */ = {isa = PBXFileReference; lastKnownFileType = folder.assetcatalog; path = Assets.xcassets; sourceTree = "<group>"; };
		3803D164290BE23900D9672A /* Base */ = {isa = PBXFileReference; lastKnownFileType = file.storyboard; name = Base; path = Base.lproj/LaunchScreen.storyboard; sourceTree = "<group>"; };
		3803D166290BE23900D9672A /* Info.plist */ = {isa = PBXFileReference; lastKnownFileType = text.plist.xml; path = Info.plist; sourceTree = "<group>"; };
		3803D16C290BE3A100D9672A /* RestaurantTableViewController.swift */ = {isa = PBXFileReference; lastKnownFileType = sourcecode.swift; path = RestaurantTableViewController.swift; sourceTree = "<group>"; };
		3803D16E290F8E3E00D9672A /* RestaurantDiffableDataSource.swift */ = {isa = PBXFileReference; lastKnownFileType = sourcecode.swift; path = RestaurantDiffableDataSource.swift; sourceTree = "<group>"; };
		3803D170290FB74F00D9672A /* RestaurantDetailViewController.swift */ = {isa = PBXFileReference; lastKnownFileType = sourcecode.swift; path = RestaurantDetailViewController.swift; sourceTree = "<group>"; };
		3803D174290FCCE400D9672A /* Nunito-Regular.ttf */ = {isa = PBXFileReference; lastKnownFileType = file; path = "Nunito-Regular.ttf"; sourceTree = "<group>"; };
		3803D176290FCD0100D9672A /* Nunito-Bold.ttf */ = {isa = PBXFileReference; lastKnownFileType = file; path = "Nunito-Bold.ttf"; sourceTree = "<group>"; };
		3803D178290FD43C00D9672A /* RestaurantDetailHeaderView.swift */ = {isa = PBXFileReference; lastKnownFileType = sourcecode.swift; path = RestaurantDetailHeaderView.swift; sourceTree = "<group>"; };
		3803D17A290FDC4900D9672A /* RestaurantDetailTextCell.swift */ = {isa = PBXFileReference; lastKnownFileType = sourcecode.swift; path = RestaurantDetailTextCell.swift; sourceTree = "<group>"; };
/* End PBXFileReference section */

/* Begin PBXFrameworksBuildPhase section */
		3803D152290BE23800D9672A /* Frameworks */ = {
			isa = PBXFrameworksBuildPhase;
			buildActionMask = 2147483647;
			files = (
			);
			runOnlyForDeploymentPostprocessing = 0;
		};
/* End PBXFrameworksBuildPhase section */

/* Begin PBXGroup section */
		06DE95DE290EC8EA007C5EC7 /* Controller */ = {
			isa = PBXGroup;
			children = (
				3803D16C290BE3A100D9672A /* RestaurantTableViewController.swift */,
				3803D170290FB74F00D9672A /* RestaurantDetailViewController.swift */,
			);
			path = Controller;
			sourceTree = "<group>";
		};
		06DE95DF290EC8F6007C5EC7 /* Model */ = {
			isa = PBXGroup;
			children = (
				06DE95DC290EC432007C5EC7 /* Restaurant.swift */,
				3803D16E290F8E3E00D9672A /* RestaurantDiffableDataSource.swift */,
			);
			path = Model;
			sourceTree = "<group>";
		};
		06DE95E0290EC8FE007C5EC7 /* View */ = {
			isa = PBXGroup;
			children = (
				06DE95DA290C1F64007C5EC7 /* RestaurantTableViewCell.swift */,
				3803D178290FD43C00D9672A /* RestaurantDetailHeaderView.swift */,
				3803D17A290FDC4900D9672A /* RestaurantDetailTextCell.swift */,
				06DE95E229100573007C5EC7 /* RestaurantDetailTwoColumnCell.swift */,
			);
			path = View;
			sourceTree = "<group>";
		};
		06DE95E1290EC93F007C5EC7 /* Storyboard */ = {
			isa = PBXGroup;
			children = (
				3803D15E290BE23800D9672A /* Main.storyboard */,
				3803D163290BE23900D9672A /* LaunchScreen.storyboard */,
			);
			path = Storyboard;
			sourceTree = "<group>";
		};
		3803D14C290BE23800D9672A = {
			isa = PBXGroup;
			children = (
				3803D157290BE23800D9672A /* FoodPin */,
				3803D156290BE23800D9672A /* Products */,
			);
			sourceTree = "<group>";
		};
		3803D156290BE23800D9672A /* Products */ = {
			isa = PBXGroup;
			children = (
				3803D155290BE23800D9672A /* FoodPin.app */,
			);
			name = Products;
			sourceTree = "<group>";
		};
		3803D157290BE23800D9672A /* FoodPin */ = {
			isa = PBXGroup;
			children = (
				3803D172290FCC7400D9672A /* Resources */,
				06DE95E1290EC93F007C5EC7 /* Storyboard */,
				06DE95E0290EC8FE007C5EC7 /* View */,
				06DE95DF290EC8F6007C5EC7 /* Model */,
				06DE95DE290EC8EA007C5EC7 /* Controller */,
				3803D158290BE23800D9672A /* AppDelegate.swift */,
				3803D15A290BE23800D9672A /* SceneDelegate.swift */,
				3803D161290BE23900D9672A /* Assets.xcassets */,
				3803D166290BE23900D9672A /* Info.plist */,
			);
			path = FoodPin;
			sourceTree = "<group>";
		};
		3803D172290FCC7400D9672A /* Resources */ = {
			isa = PBXGroup;
			children = (
				3803D173290FCC8500D9672A /* Fonts */,
			);
			path = Resources;
			sourceTree = "<group>";
		};
		3803D173290FCC8500D9672A /* Fonts */ = {
			isa = PBXGroup;
			children = (
				3803D176290FCD0100D9672A /* Nunito-Bold.ttf */,
				3803D174290FCCE400D9672A /* Nunito-Regular.ttf */,
			);
			path = Fonts;
			sourceTree = "<group>";
		};
/* End PBXGroup section */

/* Begin PBXNativeTarget section */
		3803D154290BE23800D9672A /* FoodPin */ = {
			isa = PBXNativeTarget;
			buildConfigurationList = 3803D169290BE23900D9672A /* Build configuration list for PBXNativeTarget "FoodPin" */;
			buildPhases = (
				3803D151290BE23800D9672A /* Sources */,
				3803D152290BE23800D9672A /* Frameworks */,
				3803D153290BE23800D9672A /* Resources */,
			);
			buildRules = (
			);
			dependencies = (
			);
			name = FoodPin;
			productName = FoodPin;
			productReference = 3803D155290BE23800D9672A /* FoodPin.app */;
			productType = "com.apple.product-type.application";
		};
/* End PBXNativeTarget section */

/* Begin PBXProject section */
		3803D14D290BE23800D9672A /* Project object */ = {
			isa = PBXProject;
			attributes = {
				LastSwiftUpdateCheck = 1400;
				LastUpgradeCheck = 1400;
				TargetAttributes = {
					3803D154290BE23800D9672A = {
						CreatedOnToolsVersion = 14.0.1;
					};
				};
			};
			buildConfigurationList = 3803D150290BE23800D9672A /* Build configuration list for PBXProject "FoodPin" */;
			compatibilityVersion = "Xcode 13.0";
			developmentRegion = en;
			hasScannedForEncodings = 0;
			knownRegions = (
				en,
				Base,
			);
			mainGroup = 3803D14C290BE23800D9672A;
			productRefGroup = 3803D156290BE23800D9672A /* Products */;
			projectDirPath = "";
			projectRoot = "";
			targets = (
				3803D154290BE23800D9672A /* FoodPin */,
			);
		};
/* End PBXProject section */

/* Begin PBXResourcesBuildPhase section */
		3803D153290BE23800D9672A /* Resources */ = {
			isa = PBXResourcesBuildPhase;
			buildActionMask = 2147483647;
			files = (
				3803D165290BE23900D9672A /* LaunchScreen.storyboard in Resources */,
				3803D177290FCD0100D9672A /* Nunito-Bold.ttf in Resources */,
				3803D162290BE23900D9672A /* Assets.xcassets in Resources */,
				3803D175290FCCE400D9672A /* Nunito-Regular.ttf in Resources */,
				3803D160290BE23800D9672A /* Main.storyboard in Resources */,
			);
			runOnlyForDeploymentPostprocessing = 0;
		};
/* End PBXResourcesBuildPhase section */

/* Begin PBXSourcesBuildPhase section */
		3803D151290BE23800D9672A /* Sources */ = {
			isa = PBXSourcesBuildPhase;
			buildActionMask = 2147483647;
			files = (
				3803D17B290FDC4900D9672A /* RestaurantDetailTextCell.swift in Sources */,
				06DE95DD290EC432007C5EC7 /* Restaurant.swift in Sources */,
				06DE95DB290C1F64007C5EC7 /* RestaurantTableViewCell.swift in Sources */,
				3803D159290BE23800D9672A /* AppDelegate.swift in Sources */,
				06DE95E329100573007C5EC7 /* RestaurantDetailTwoColumnCell.swift in Sources */,
				3803D15B290BE23800D9672A /* SceneDelegate.swift in Sources */,
				3803D16F290F8E3E00D9672A /* RestaurantDiffableDataSource.swift in Sources */,
				3803D171290FB74F00D9672A /* RestaurantDetailViewController.swift in Sources */,
				3803D179290FD43C00D9672A /* RestaurantDetailHeaderView.swift in Sources */,
				3803D16D290BE3A100D9672A /* RestaurantTableViewController.swift in Sources */,
			);
			runOnlyForDeploymentPostprocessing = 0;
		};
/* End PBXSourcesBuildPhase section */

/* Begin PBXVariantGroup section */
		3803D15E290BE23800D9672A /* Main.storyboard */ = {
			isa = PBXVariantGroup;
			children = (
				3803D15F290BE23800D9672A /* Base */,
			);
			name = Main.storyboard;
			sourceTree = "<group>";
		};
		3803D163290BE23900D9672A /* LaunchScreen.storyboard */ = {
			isa = PBXVariantGroup;
			children = (
				3803D164290BE23900D9672A /* Base */,
			);
			name = LaunchScreen.storyboard;
			sourceTree = "<group>";
		};
/* End PBXVariantGroup section */

/* Begin XCBuildConfiguration section */
		3803D167290BE23900D9672A /* Debug */ = {
			isa = XCBuildConfiguration;
			buildSettings = {
				ALWAYS_SEARCH_USER_PATHS = NO;
				CLANG_ANALYZER_NONNULL = YES;
				CLANG_ANALYZER_NUMBER_OBJECT_CONVERSION = YES_AGGRESSIVE;
				CLANG_CXX_LANGUAGE_STANDARD = "gnu++20";
				CLANG_ENABLE_MODULES = YES;
				CLANG_ENABLE_OBJC_ARC = YES;
				CLANG_ENABLE_OBJC_WEAK = YES;
				CLANG_WARN_BLOCK_CAPTURE_AUTORELEASING = YES;
				CLANG_WARN_BOOL_CONVERSION = YES;
				CLANG_WARN_COMMA = YES;
				CLANG_WARN_CONSTANT_CONVERSION = YES;
				CLANG_WARN_DEPRECATED_OBJC_IMPLEMENTATIONS = YES;
				CLANG_WARN_DIRECT_OBJC_ISA_USAGE = YES_ERROR;
				CLANG_WARN_DOCUMENTATION_COMMENTS = YES;
				CLANG_WARN_EMPTY_BODY = YES;
				CLANG_WARN_ENUM_CONVERSION = YES;
				CLANG_WARN_INFINITE_RECURSION = YES;
				CLANG_WARN_INT_CONVERSION = YES;
				CLANG_WARN_NON_LITERAL_NULL_CONVERSION = YES;
				CLANG_WARN_OBJC_IMPLICIT_RETAIN_SELF = YES;
				CLANG_WARN_OBJC_LITERAL_CONVERSION = YES;
				CLANG_WARN_OBJC_ROOT_CLASS = YES_ERROR;
				CLANG_WARN_QUOTED_INCLUDE_IN_FRAMEWORK_HEADER = YES;
				CLANG_WARN_RANGE_LOOP_ANALYSIS = YES;
				CLANG_WARN_STRICT_PROTOTYPES = YES;
				CLANG_WARN_SUSPICIOUS_MOVE = YES;
				CLANG_WARN_UNGUARDED_AVAILABILITY = YES_AGGRESSIVE;
				CLANG_WARN_UNREACHABLE_CODE = YES;
				CLANG_WARN__DUPLICATE_METHOD_MATCH = YES;
				COPY_PHASE_STRIP = NO;
				DEBUG_INFORMATION_FORMAT = dwarf;
				ENABLE_STRICT_OBJC_MSGSEND = YES;
				ENABLE_TESTABILITY = YES;
				GCC_C_LANGUAGE_STANDARD = gnu11;
				GCC_DYNAMIC_NO_PIC = NO;
				GCC_NO_COMMON_BLOCKS = YES;
				GCC_OPTIMIZATION_LEVEL = 0;
				GCC_PREPROCESSOR_DEFINITIONS = (
					"DEBUG=1",
					"$(inherited)",
				);
				GCC_WARN_64_TO_32_BIT_CONVERSION = YES;
				GCC_WARN_ABOUT_RETURN_TYPE = YES_ERROR;
				GCC_WARN_UNDECLARED_SELECTOR = YES;
				GCC_WARN_UNINITIALIZED_AUTOS = YES_AGGRESSIVE;
				GCC_WARN_UNUSED_FUNCTION = YES;
				GCC_WARN_UNUSED_VARIABLE = YES;
				IPHONEOS_DEPLOYMENT_TARGET = 16.0;
				MTL_ENABLE_DEBUG_INFO = INCLUDE_SOURCE;
				MTL_FAST_MATH = YES;
				ONLY_ACTIVE_ARCH = YES;
				SDKROOT = iphoneos;
				SWIFT_ACTIVE_COMPILATION_CONDITIONS = DEBUG;
				SWIFT_OPTIMIZATION_LEVEL = "-Onone";
			};
			name = Debug;
		};
		3803D168290BE23900D9672A /* Release */ = {
			isa = XCBuildConfiguration;
			buildSettings = {
				ALWAYS_SEARCH_USER_PATHS = NO;
				CLANG_ANALYZER_NONNULL = YES;
				CLANG_ANALYZER_NUMBER_OBJECT_CONVERSION = YES_AGGRESSIVE;
				CLANG_CXX_LANGUAGE_STANDARD = "gnu++20";
				CLANG_ENABLE_MODULES = YES;
				CLANG_ENABLE_OBJC_ARC = YES;
				CLANG_ENABLE_OBJC_WEAK = YES;
				CLANG_WARN_BLOCK_CAPTURE_AUTORELEASING = YES;
				CLANG_WARN_BOOL_CONVERSION = YES;
				CLANG_WARN_COMMA = YES;
				CLANG_WARN_CONSTANT_CONVERSION = YES;
				CLANG_WARN_DEPRECATED_OBJC_IMPLEMENTATIONS = YES;
				CLANG_WARN_DIRECT_OBJC_ISA_USAGE = YES_ERROR;
				CLANG_WARN_DOCUMENTATION_COMMENTS = YES;
				CLANG_WARN_EMPTY_BODY = YES;
				CLANG_WARN_ENUM_CONVERSION = YES;
				CLANG_WARN_INFINITE_RECURSION = YES;
				CLANG_WARN_INT_CONVERSION = YES;
				CLANG_WARN_NON_LITERAL_NULL_CONVERSION = YES;
				CLANG_WARN_OBJC_IMPLICIT_RETAIN_SELF = YES;
				CLANG_WARN_OBJC_LITERAL_CONVERSION = YES;
				CLANG_WARN_OBJC_ROOT_CLASS = YES_ERROR;
				CLANG_WARN_QUOTED_INCLUDE_IN_FRAMEWORK_HEADER = YES;
				CLANG_WARN_RANGE_LOOP_ANALYSIS = YES;
				CLANG_WARN_STRICT_PROTOTYPES = YES;
				CLANG_WARN_SUSPICIOUS_MOVE = YES;
				CLANG_WARN_UNGUARDED_AVAILABILITY = YES_AGGRESSIVE;
				CLANG_WARN_UNREACHABLE_CODE = YES;
				CLANG_WARN__DUPLICATE_METHOD_MATCH = YES;
				COPY_PHASE_STRIP = NO;
				DEBUG_INFORMATION_FORMAT = "dwarf-with-dsym";
				ENABLE_NS_ASSERTIONS = NO;
				ENABLE_STRICT_OBJC_MSGSEND = YES;
				GCC_C_LANGUAGE_STANDARD = gnu11;
				GCC_NO_COMMON_BLOCKS = YES;
				GCC_WARN_64_TO_32_BIT_CONVERSION = YES;
				GCC_WARN_ABOUT_RETURN_TYPE = YES_ERROR;
				GCC_WARN_UNDECLARED_SELECTOR = YES;
				GCC_WARN_UNINITIALIZED_AUTOS = YES_AGGRESSIVE;
				GCC_WARN_UNUSED_FUNCTION = YES;
				GCC_WARN_UNUSED_VARIABLE = YES;
				IPHONEOS_DEPLOYMENT_TARGET = 16.0;
				MTL_ENABLE_DEBUG_INFO = NO;
				MTL_FAST_MATH = YES;
				SDKROOT = iphoneos;
				SWIFT_COMPILATION_MODE = wholemodule;
				SWIFT_OPTIMIZATION_LEVEL = "-O";
				VALIDATE_PRODUCT = YES;
			};
			name = Release;
		};
		3803D16A290BE23900D9672A /* Debug */ = {
			isa = XCBuildConfiguration;
			buildSettings = {
				ASSETCATALOG_COMPILER_APPICON_NAME = AppIcon;
				ASSETCATALOG_COMPILER_GLOBAL_ACCENT_COLOR_NAME = AccentColor;
				CODE_SIGN_STYLE = Automatic;
				CURRENT_PROJECT_VERSION = 1;
				GENERATE_INFOPLIST_FILE = YES;
				INFOPLIST_FILE = FoodPin/Info.plist;
				INFOPLIST_KEY_UIApplicationSupportsIndirectInputEvents = YES;
				INFOPLIST_KEY_UILaunchStoryboardName = LaunchScreen;
				INFOPLIST_KEY_UIMainStoryboardFile = Main;
				INFOPLIST_KEY_UISupportedInterfaceOrientations_iPad = "UIInterfaceOrientationPortrait UIInterfaceOrientationPortraitUpsideDown UIInterfaceOrientationLandscapeLeft UIInterfaceOrientationLandscapeRight";
				INFOPLIST_KEY_UISupportedInterfaceOrientations_iPhone = "UIInterfaceOrientationPortrait UIInterfaceOrientationLandscapeLeft UIInterfaceOrientationLandscapeRight";
				IPHONEOS_DEPLOYMENT_TARGET = 15.0;
				LD_RUNPATH_SEARCH_PATHS = (
					"$(inherited)",
					"@executable_path/Frameworks",
				);
				MARKETING_VERSION = 1.0;
				PRODUCT_BUNDLE_IDENTIFIER = sternzhang.FoodPin;
				PRODUCT_NAME = "$(TARGET_NAME)";
				SUPPORTED_PLATFORMS = "iphoneos iphonesimulator";
				SUPPORTS_MACCATALYST = NO;
				SUPPORTS_MAC_DESIGNED_FOR_IPHONE_IPAD = NO;
				SWIFT_EMIT_LOC_STRINGS = YES;
				SWIFT_VERSION = 5.0;
				TARGETED_DEVICE_FAMILY = "1,2";
			};
			name = Debug;
		};
		3803D16B290BE23900D9672A /* Release */ = {
			isa = XCBuildConfiguration;
			buildSettings = {
				ASSETCATALOG_COMPILER_APPICON_NAME = AppIcon;
				ASSETCATALOG_COMPILER_GLOBAL_ACCENT_COLOR_NAME = AccentColor;
				CODE_SIGN_STYLE = Automatic;
				CURRENT_PROJECT_VERSION = 1;
				GENERATE_INFOPLIST_FILE = YES;
				INFOPLIST_FILE = FoodPin/Info.plist;
				INFOPLIST_KEY_UIApplicationSupportsIndirectInputEvents = YES;
				INFOPLIST_KEY_UILaunchStoryboardName = LaunchScreen;
				INFOPLIST_KEY_UIMainStoryboardFile = Main;
				INFOPLIST_KEY_UISupportedInterfaceOrientations_iPad = "UIInterfaceOrientationPortrait UIInterfaceOrientationPortraitUpsideDown UIInterfaceOrientationLandscapeLeft UIInterfaceOrientationLandscapeRight";
				INFOPLIST_KEY_UISupportedInterfaceOrientations_iPhone = "UIInterfaceOrientationPortrait UIInterfaceOrientationLandscapeLeft UIInterfaceOrientationLandscapeRight";
				IPHONEOS_DEPLOYMENT_TARGET = 15.0;
				LD_RUNPATH_SEARCH_PATHS = (
					"$(inherited)",
					"@executable_path/Frameworks",
				);
				MARKETING_VERSION = 1.0;
				PRODUCT_BUNDLE_IDENTIFIER = sternzhang.FoodPin;
				PRODUCT_NAME = "$(TARGET_NAME)";
				SUPPORTED_PLATFORMS = "iphoneos iphonesimulator";
				SUPPORTS_MACCATALYST = NO;
				SUPPORTS_MAC_DESIGNED_FOR_IPHONE_IPAD = NO;
				SWIFT_EMIT_LOC_STRINGS = YES;
				SWIFT_VERSION = 5.0;
				TARGETED_DEVICE_FAMILY = "1,2";
			};
			name = Release;
		};
/* End XCBuildConfiguration section */

/* Begin XCConfigurationList section */
		3803D150290BE23800D9672A /* Build configuration list for PBXProject "FoodPin" */ = {
			isa = XCConfigurationList;
			buildConfigurations = (
				3803D167290BE23900D9672A /* Debug */,
				3803D168290BE23900D9672A /* Release */,
			);
			defaultConfigurationIsVisible = 0;
			defaultConfigurationName = Release;
		};
		3803D169290BE23900D9672A /* Build configuration list for PBXNativeTarget "FoodPin" */ = {
			isa = XCConfigurationList;
			buildConfigurations = (
				3803D16A290BE23900D9672A /* Debug */,
				3803D16B290BE23900D9672A /* Release */,
			);
			defaultConfigurationIsVisible = 0;
			defaultConfigurationName = Release;
		};
/* End XCConfigurationList section */
	};
	rootObject = 3803D14D290BE23800D9672A /* Project object */;
}
